
Microsoft Visual Studio Solution File, Format Version 12.00
# Visual Studio 14
VisualStudioVersion = 14.0.22823.1
MinimumVisualStudioVersion = 10.0.40219.1
Project("{2150E333-8FDC-42A3-9474-1A3956D46DE8}") = "Solution Items", "Solution Items", "{BC371A51-262A-4A6A-A3FD-9BB6519CEDFF}"
	ProjectSection(SolutionItems) = preProject
		sonar-project.properties = sonar-project.properties
		sonar-runner-batch.bat = sonar-runner-batch.bat
	EndProjectSection
EndProject
Project("{FAE04EC0-301F-11D3-BF4B-00C04F79EFBC}") = "PlanesGame", "PlanesGame\PlanesGame.csproj", "{30728D54-3DAB-4E61-9F8D-022845C088F6}"
EndProject
Project("{FAE04EC0-301F-11D3-BF4B-00C04F79EFBC}") = "PlanesGame.Test", "PlanesGame_Test\PlanesGame.Test.csproj", "{1D0DEDAC-1E10-4C44-BAE0-9B83C18BB2D8}"
EndProject
Project("{FAE04EC0-301F-11D3-BF4B-00C04F79EFBC}") = "PlanesGame.BL.Common", "PlanesGame.BL.Common\PlanesGame.BL.Common.csproj", "{2FD950B9-7659-41F9-B133-D2A2A5277553}"
EndProject
Project("{FAE04EC0-301F-11D3-BF4B-00C04F79EFBC}") = "PlanesGame.BL.Common.Test", "PlanesGame.BL.Common_Test\PlanesGame.BL.Common.Test.csproj", "{C11B0724-7777-4F2E-B185-08D6F53E57F1}"
EndProject
Project("{FAE04EC0-301F-11D3-BF4B-00C04F79EFBC}") = "PlanesGame.BL.Game", "PlanesGame.BL.Game\PlanesGame.BL.Game.csproj", "{B63A4BBC-1B23-486E-8871-51AE1CDEFC9F}"
EndProject
Project("{FAE04EC0-301F-11D3-BF4B-00C04F79EFBC}") = "PlanesGame.BL.Game.Test", "PlanesGame.BL.Game_Test\PlanesGame.BL.Game.Test.csproj", "{64A18B02-467B-436F-84CF-954A823926D7}"
EndProject
Global
	GlobalSection(SolutionConfigurationPlatforms) = preSolution
		Debug|Any CPU = Debug|Any CPU
		Release|Any CPU = Release|Any CPU
	EndGlobalSection
	GlobalSection(ProjectConfigurationPlatforms) = postSolution
		{30728D54-3DAB-4E61-9F8D-022845C088F6}.Debug|Any CPU.ActiveCfg = Debug|Any CPU
		{30728D54-3DAB-4E61-9F8D-022845C088F6}.Debug|Any CPU.Build.0 = Debug|Any CPU
		{30728D54-3DAB-4E61-9F8D-022845C088F6}.Release|Any CPU.ActiveCfg = Release|Any CPU
		{30728D54-3DAB-4E61-9F8D-022845C088F6}.Release|Any CPU.Build.0 = Release|Any CPU
		{1D0DEDAC-1E10-4C44-BAE0-9B83C18BB2D8}.Debug|Any CPU.ActiveCfg = Debug|Any CPU
		{1D0DEDAC-1E10-4C44-BAE0-9B83C18BB2D8}.Debug|Any CPU.Build.0 = Debug|Any CPU
		{1D0DEDAC-1E10-4C44-BAE0-9B83C18BB2D8}.Release|Any CPU.ActiveCfg = Release|Any CPU
		{1D0DEDAC-1E10-4C44-BAE0-9B83C18BB2D8}.Release|Any CPU.Build.0 = Release|Any CPU
		{2FD950B9-7659-41F9-B133-D2A2A5277553}.Debug|Any CPU.ActiveCfg = Debug|Any CPU
		{2FD950B9-7659-41F9-B133-D2A2A5277553}.Debug|Any CPU.Build.0 = Debug|Any CPU
		{2FD950B9-7659-41F9-B133-D2A2A5277553}.Release|Any CPU.ActiveCfg = Release|Any CPU
		{2FD950B9-7659-41F9-B133-D2A2A5277553}.Release|Any CPU.Build.0 = Release|Any CPU
		{C11B0724-7777-4F2E-B185-08D6F53E57F1}.Debug|Any CPU.ActiveCfg = Debug|Any CPU
		{C11B0724-7777-4F2E-B185-08D6F53E57F1}.Debug|Any CPU.Build.0 = Debug|Any CPU
		{C11B0724-7777-4F2E-B185-08D6F53E57F1}.Release|Any CPU.ActiveCfg = Release|Any CPU
		{C11B0724-7777-4F2E-B185-08D6F53E57F1}.Release|Any CPU.Build.0 = Release|Any CPU
		{B63A4BBC-1B23-486E-8871-51AE1CDEFC9F}.Debug|Any CPU.ActiveCfg = Debug|Any CPU
		{B63A4BBC-1B23-486E-8871-51AE1CDEFC9F}.Debug|Any CPU.Build.0 = Debug|Any CPU
		{B63A4BBC-1B23-486E-8871-51AE1CDEFC9F}.Release|Any CPU.ActiveCfg = Release|Any CPU
		{B63A4BBC-1B23-486E-8871-51AE1CDEFC9F}.Release|Any CPU.Build.0 = Release|Any CPU
		{64A18B02-467B-436F-84CF-954A823926D7}.Debug|Any CPU.ActiveCfg = Debug|Any CPU
		{64A18B02-467B-436F-84CF-954A823926D7}.Debug|Any CPU.Build.0 = Debug|Any CPU
		{64A18B02-467B-436F-84CF-954A823926D7}.Release|Any CPU.ActiveCfg = Release|Any CPU
		{64A18B02-467B-436F-84CF-954A823926D7}.Release|Any CPU.Build.0 = Release|Any CPU
	EndGlobalSection
	GlobalSection(SolutionProperties) = preSolution
		HideSolutionNode = FALSE
	EndGlobalSection
	GlobalSection(TeamFoundationVersionControl) = preSolution
		SccNumberOfProjects = 7
		SccEnterpriseProvider = {4CA58AB2-18FA-4F8D-95D4-32DDF27D184C}
		SccTeamFoundationServer = http://foundation.touricoholidays.com:8080/tfs/defaultcollection
		SccLocalPath0 = .
		SccProjectUniqueName1 = PlanesGame.BL.Common\\PlanesGame.BL.Common.csproj
		SccProjectName1 = PlanesGame.BL.Common
		SccLocalPath1 = PlanesGame.BL.Common
		SccProjectUniqueName2 = PlanesGame.BL.Game\\PlanesGame.BL.Game.csproj
		SccProjectName2 = PlanesGame.BL.Game
		SccLocalPath2 = PlanesGame.BL.Game
		SccProjectUniqueName3 = PlanesGame\\PlanesGame.csproj
		SccProjectName3 = PlanesGame
		SccLocalPath3 = PlanesGame
		SccProjectUniqueName4 = PlanesGame.BL.Common_Test\\PlanesGame.BL.Common.Test.csproj
		SccProjectName4 = PlanesGame.BL.Common_Test
		SccLocalPath4 = PlanesGame.BL.Common_Test
		SccProjectUniqueName5 = PlanesGame.BL.Game_Test\\PlanesGame.BL.Game.Test.csproj
		SccProjectName5 = PlanesGame.BL.Game_Test
		SccLocalPath5 = PlanesGame.BL.Game_Test
		SccProjectUniqueName6 = PlanesGame_Test\\PlanesGame.Test.csproj
		SccProjectName6 = PlanesGame_Test
		SccLocalPath6 = PlanesGame_Test
	EndGlobalSection
	GlobalSection(NDepend) = preSolution
		Project = ".\PlanesGame.ndproj"
	EndGlobalSection
EndGlobal
